{\n  \"name\": \"mcp-apollo\",\n  \"version\": \"1.0.0\",\n  \"lockfileVersion\": 3,\n  \"requires\": true,\n  \"packages\": {\n    \"\": {\n      \"name\": \"mcp-apollo\",\n      \"version\": \"1.0.0\",\n      \"license\": \"MIT\",\n      \"dependencies\": {\n        \"@modelcontextprotocol/sdk\": \"^1.0.0\",\n        \"zod\": \"^3.23.8\"\n      },\n      \"devDependencies\": {\n        \"@cloudflare/workers-types\": \"^4.20250109.0\",\n        \"@vitest/coverage-v8\": \"^2.1.8\",\n        \"typescript\": \"^5.7.3\",\n        \"vitest\": \"^2.1.8\",\n        \"wrangler\": \"^3.101.0\"\n      }\n    },\n    \"node_modules/@modelcontextprotocol/sdk\": {\n      \"version\": \"1.29.0\",\n      \"resolved\": \"https://registry.npmjs.org/@modelcontextprotocol/sdk/-/sdk-1.29.0.tgz\",\n      \"integrity\": \"sha512-zo37mZA9hJWpULgkRpowewez1y6ML5GsXJPY8FI0tBBCd77HEvza4jDqRKOXgHNn867PVGCyTdzqpz0izu5ZjQ==\",\n      \"license\": \"MIT\",\n      \"dependencies\": {\n        \"@hono/node-server\": \"^1.19.9\",\n        \"ajv\": \"^8.17.1\",\n        \"ajv-formats\": \"^3.0.1\",\n        \"content-type\": \"^1.0.5\",\n        \"cors\": \"^2.8.5\",\n        \"cross-spawn\": \"^7.0.5\",\n        \"eventsource\": \"^3.0.2\",\n        \"eventsource-parser\": \"^3.0.0\",\n        \"express\": \"^5.2.1\",\n        \"express-rate-limit\": \"^8.2.1\",\n        \"hono\": \"^4.11.4\",\n        \"jose\": \"^6.1.3\",\n        \"json-schema-typed\": \"^8.0.2\",\n        \"pkce-challenge\": \"^5.0.0\",\n        \"raw-body\": \"^3.0.0\",\n        \"zod\": \"^3.25 || ^4.0\",\n        \"zod-to-json-schema\": \"^3.25.1\"\n      },\n      \"engines\": { \"node\": \">=18\" },\n      \"peerDependencies\": { \"zod\": \"^3.25 || ^4.0\" }\n    },\n    \"node_modules/zod\": {\n      \"version\": \"3.25.76\",\n      \"resolved\": \"https://registry.npmjs.org/zod/-/zod-3.25.76.tgz\",\n      \"integrity\": \"sha512-gzUt/qt81nXsFGKIFcC3YnfEAx5NkunCfnDlvuBSSFS02bcXu4Lmea0AFIUwbLWxWPx3d9p8S5QoaujKcNQxcQ==\",\n      \"license\": \"MIT\"\n    },\n    \"node_modules/@cloudflare/workers-types\": {\n      \"version\": \"4.20260404.1\",\n      \"resolved\": \"https://registry.npmjs.org/@cloudflare/workers-types/-/workers-types-4.20260404.1.tgz\",\n      \"integrity\": \"sha512-jfZfktdn3D0ceA59i4lkMgPUR9p5Wd6trtNLQR1RTgF59iVt9/yegkiEZv0TQvJPXlmQOU1D0pAYz7cMztqErg==\",\n      \"dev\": true,\n      \"license\": \"MIT OR Apache-2.0\"\n    },\n    \"node_modules/typescript\": {\n      \"version\": \"5.9.3\",\n      \"resolved\": \"https://registry.npmjs.org/typescript/-/typescript-5.9.3.tgz\",\n      \"integrity\": \"sha512-jl1vZzPDinLr9eUt3J/t7V6FgNEw9QjvBPdysz9KfQDD41fQrC2Y4vKQdiaUpFT4bXlb1RHhLpp8wtm6M5TgSw==\",\n      \"dev\": true,\n      \"license\": \"Apache-2.0\",\n      \"bin\": { \"tsc\": \"bin/tsc\", \"tsserver\": \"bin/tsserver\" },\n      \"engines\": { \"node\": \">=14.17\" }\n    }\n  }\n}\n